{
  "originHash" : "0cdde2d8045620301efb41b146f4fbb4ffc65bd14f6a80b6c5807669ecd9b913",
  "pins" : [
    {
      "identity" : "argmax-oss-swift",
      "kind" : "remoteSourceControl",
      "location" : "https://github.com/ChronoStellar/argmax-oss-swift",
      "state" : {
        "branch" : "main",
        "revision" : "5297935243ce0d614d6fbd3566d3c99abeb9925b"
      }
    },
    {
      "identity" : "swift-argument-parser",
      "kind" : "remoteSourceControl",
      "location" : "https://github.com/apple/swift-argument-parser.git",
      "state" : {
        "revision" : "6a52f3251125d74daf04fcbd5e6f08a75d074382",
        "version" : "1.8.2"
      }
    }
  ],
  "version" : 3
}
